// !$*UTF8*$!
{
	archiveVersion = 1;
	classes = {
	};
	objectVersion = 50;
	objects = {

/* Begin PBXBuildFile section */
		0BE3811223B1FBE300342DA5 /* AppDelegate.swift in Sources */ = {isa = PBXBuildFile; fileRef = 0BE3811123B1FBE300342DA5 /* AppDelegate.swift */; };
		0BE3811423B1FBE300342DA5 /* SceneDelegate.swift in Sources */ = {isa = PBXBuildFile; fileRef = 0BE3811323B1FBE300342DA5 /* SceneDelegate.swift */; };
		0BE3811623B1FBE300342DA5 /* RoverViewController.swift in Sources */ = {isa = PBXBuildFile; fileRef = 0BE3811523B1FBE300342DA5 /* RoverViewController.swift */; };
		0BE3811923B1FBE300342DA5 /* Main.storyboard in Resources */ = {isa = PBXBuildFile; fileRef = 0BE3811723B1FBE300342DA5 /* Main.storyboard */; };
		0BE3811B23B1FBE600342DA5 /* Assets.xcassets in Resources */ = {isa = PBXBuildFile; fileRef = 0BE3811A23B1FBE600342DA5 /* Assets.xcassets */; };
		0BE3811E23B1FBE600342DA5 /* LaunchScreen.storyboard in Resources */ = {isa = PBXBuildFile; fileRef = 0BE3811C23B1FBE600342DA5 /* LaunchScreen.storyboard */; };
		0BE3812923B1FBE600342DA5 /* AtumTests.swift in Sources */ = {isa = PBXBuildFile; fileRef = 0BE3812823B1FBE600342DA5 /* AtumTests.swift */; };
		0BE3813823B2017B00342DA5 /* Color.swift in Sources */ = {isa = PBXBuildFile; fileRef = 0BE3813723B2017B00342DA5 /* Color.swift */; };
		0BE3813A23B201BE00342DA5 /* Error.swift in Sources */ = {isa = PBXBuildFile; fileRef = 0BE3813923B201BE00342DA5 /* Error.swift */; };
		0BE3813C23B201E800342DA5 /* Extension.swift in Sources */ = {isa = PBXBuildFile; fileRef = 0BE3813B23B201E800342DA5 /* Extension.swift */; };
		0BE3813E23B2021400342DA5 /* Icon.swift in Sources */ = {isa = PBXBuildFile; fileRef = 0BE3813D23B2021400342DA5 /* Icon.swift */; };
		0BE3814023B2036B00342DA5 /* Reachability.swift in Sources */ = {isa = PBXBuildFile; fileRef = 0BE3813F23B2036B00342DA5 /* Reachability.swift */; };
		0BE3814223B2330400342DA5 /* Endpoint.swift in Sources */ = {isa = PBXBuildFile; fileRef = 0BE3814123B2330400342DA5 /* Endpoint.swift */; };
		0BE3814423B3E7EE00342DA5 /* SkyEyeViewController.swift in Sources */ = {isa = PBXBuildFile; fileRef = 0BE3814323B3E7EE00342DA5 /* SkyEyeViewController.swift */; };
		0BE3814623B3E80600342DA5 /* PuzzleViewController.swift in Sources */ = {isa = PBXBuildFile; fileRef = 0BE3814523B3E80600342DA5 /* PuzzleViewController.swift */; };
		0BE3814823B3E87E00342DA5 /* NavigationBar.swift in Sources */ = {isa = PBXBuildFile; fileRef = 0BE3814723B3E87E00342DA5 /* NavigationBar.swift */; };
		0BE3814A23B3EC4B00342DA5 /* CustomButton.swift in Sources */ = {isa = PBXBuildFile; fileRef = 0BE3814923B3EC4B00342DA5 /* CustomButton.swift */; };
		0BE3814C23B3F3E100342DA5 /* ModeSelected.swift in Sources */ = {isa = PBXBuildFile; fileRef = 0BE3814B23B3F3E100342DA5 /* ModeSelected.swift */; };
		0BE3814E23B3F5C500342DA5 /* Constant.swift in Sources */ = {isa = PBXBuildFile; fileRef = 0BE3814D23B3F5C500342DA5 /* Constant.swift */; };
		0BE3815123B409AB00342DA5 /* MainController.swift in Sources */ = {isa = PBXBuildFile; fileRef = 0BE3815023B409AB00342DA5 /* MainController.swift */; };
		0BE3815323B4C10600342DA5 /* SlideMenuManager.swift in Sources */ = {isa = PBXBuildFile; fileRef = 0BE3815223B4C10600342DA5 /* SlideMenuManager.swift */; };
		0BE3815523B4F46B00342DA5 /* NavigationButton.swift in Sources */ = {isa = PBXBuildFile; fileRef = 0BE3815423B4F46B00342DA5 /* NavigationButton.swift */; };
		0BE3815723B53DC000342DA5 /* MenuBar.swift in Sources */ = {isa = PBXBuildFile; fileRef = 0BE3815623B53DC000342DA5 /* MenuBar.swift */; };
		0BE3815923B60A4500342DA5 /* TextField.swift in Sources */ = {isa = PBXBuildFile; fileRef = 0BE3815823B60A4500342DA5 /* TextField.swift */; };
		0BE3815B23B6352500342DA5 /* APIService.swift in Sources */ = {isa = PBXBuildFile; fileRef = 0BE3815A23B6352500342DA5 /* APIService.swift */; };
/* End PBXBuildFile section */

/* Begin PBXContainerItemProxy section */
		0BE3812523B1FBE600342DA5 /* PBXContainerItemProxy */ = {
			isa = PBXContainerItemProxy;
			containerPortal = 0BE3810623B1FBE300342DA5 /* Project object */;
			proxyType = 1;
			remoteGlobalIDString = 0BE3810D23B1FBE300342DA5;
			remoteInfo = Atum;
		};
/* End PBXContainerItemProxy section */

/* Begin PBXFileReference section */
		0BE3810E23B1FBE300342DA5 /* Atum.app */ = {isa = PBXFileReference; explicitFileType = wrapper.application; includeInIndex = 0; path = Atum.app; sourceTree = BUILT_PRODUCTS_DIR; };
		0BE3811123B1FBE300342DA5 /* AppDelegate.swift */ = {isa = PBXFileReference; lastKnownFileType = sourcecode.swift; path = AppDelegate.swift; sourceTree = "<group>"; };
		0BE3811323B1FBE300342DA5 /* SceneDelegate.swift */ = {isa = PBXFileReference; lastKnownFileType = sourcecode.swift; path = SceneDelegate.swift; sourceTree = "<group>"; };
		0BE3811523B1FBE300342DA5 /* RoverViewController.swift */ = {isa = PBXFileReference; lastKnownFileType = sourcecode.swift; path = RoverViewController.swift; sourceTree = "<group>"; };
		0BE3811823B1FBE300342DA5 /* Base */ = {isa = PBXFileReference; lastKnownFileType = file.storyboard; name = Base; path = Base.lproj/Main.storyboard; sourceTree = "<group>"; };
		0BE3811A23B1FBE600342DA5 /* Assets.xcassets */ = {isa = PBXFileReference; lastKnownFileType = folder.assetcatalog; path = Assets.xcassets; sourceTree = "<group>"; };
		0BE3811D23B1FBE600342DA5 /* Base */ = {isa = PBXFileReference; lastKnownFileType = file.storyboard; name = Base; path = Base.lproj/LaunchScreen.storyboard; sourceTree = "<group>"; };
		0BE3811F23B1FBE600342DA5 /* Info.plist */ = {isa = PBXFileReference; lastKnownFileType = text.plist.xml; path = Info.plist; sourceTree = "<group>"; };
		0BE3812423B1FBE600342DA5 /* AtumTests.xctest */ = {isa = PBXFileReference; explicitFileType = wrapper.cfbundle; includeInIndex = 0; path = AtumTests.xctest; sourceTree = BUILT_PRODUCTS_DIR; };
		0BE3812823B1FBE600342DA5 /* AtumTests.swift */ = {isa = PBXFileReference; lastKnownFileType = sourcecode.swift; path = AtumTests.swift; sourceTree = "<group>"; };
		0BE3812A23B1FBE600342DA5 /* Info.plist */ = {isa = PBXFileReference; lastKnownFileType = text.plist.xml; path = Info.plist; sourceTree = "<group>"; };
		0BE3813723B2017B00342DA5 /* Color.swift */ = {isa = PBXFileReference; lastKnownFileType = sourcecode.swift; path = Color.swift; sourceTree = "<group>"; };
		0BE3813923B201BE00342DA5 /* Error.swift */ = {isa = PBXFileReference; lastKnownFileType = sourcecode.swift; path = Error.swift; sourceTree = "<group>"; };
		0BE3813B23B201E800342DA5 /* Extension.swift */ = {isa = PBXFileReference; lastKnownFileType = sourcecode.swift; path = Extension.swift; sourceTree = "<group>"; };
		0BE3813D23B2021400342DA5 /* Icon.swift */ = {isa = PBXFileReference; lastKnownFileType = sourcecode.swift; path = Icon.swift; sourceTree = "<group>"; };
		0BE3813F23B2036B00342DA5 /* Reachability.swift */ = {isa = PBXFileReference; lastKnownFileType = sourcecode.swift; path = Reachability.swift; sourceTree = "<group>"; };
		0BE3814123B2330400342DA5 /* Endpoint.swift */ = {isa = PBXFileReference; lastKnownFileType = sourcecode.swift; path = Endpoint.swift; sourceTree = "<group>"; };
		0BE3814323B3E7EE00342DA5 /* SkyEyeViewController.swift */ = {isa = PBXFileReference; lastKnownFileType = sourcecode.swift; path = SkyEyeViewController.swift; sourceTree = "<group>"; };
		0BE3814523B3E80600342DA5 /* PuzzleViewController.swift */ = {isa = PBXFileReference; lastKnownFileType = sourcecode.swift; path = PuzzleViewController.swift; sourceTree = "<group>"; };
		0BE3814723B3E87E00342DA5 /* NavigationBar.swift */ = {isa = PBXFileReference; lastKnownFileType = sourcecode.swift; path = NavigationBar.swift; sourceTree = "<group>"; };
		0BE3814923B3EC4B00342DA5 /* CustomButton.swift */ = {isa = PBXFileReference; lastKnownFileType = sourcecode.swift; path = CustomButton.swift; sourceTree = "<group>"; };
		0BE3814B23B3F3E100342DA5 /* ModeSelected.swift */ = {isa = PBXFileReference; lastKnownFileType = sourcecode.swift; path = ModeSelected.swift; sourceTree = "<group>"; };
		0BE3814D23B3F5C500342DA5 /* Constant.swift */ = {isa = PBXFileReference; lastKnownFileType = sourcecode.swift; path = Constant.swift; sourceTree = "<group>"; };
		0BE3815023B409AB00342DA5 /* MainController.swift */ = {isa = PBXFileReference; lastKnownFileType = sourcecode.swift; path = MainController.swift; sourceTree = "<group>"; };
		0BE3815223B4C10600342DA5 /* SlideMenuManager.swift */ = {isa = PBXFileReference; lastKnownFileType = sourcecode.swift; path = SlideMenuManager.swift; sourceTree = "<group>"; };
		0BE3815423B4F46B00342DA5 /* NavigationButton.swift */ = {isa = PBXFileReference; lastKnownFileType = sourcecode.swift; path = NavigationButton.swift; sourceTree = "<group>"; };
		0BE3815623B53DC000342DA5 /* MenuBar.swift */ = {isa = PBXFileReference; lastKnownFileType = sourcecode.swift; path = MenuBar.swift; sourceTree = "<group>"; };
		0BE3815823B60A4500342DA5 /* TextField.swift */ = {isa = PBXFileReference; lastKnownFileType = sourcecode.swift; path = TextField.swift; sourceTree = "<group>"; };
		0BE3815A23B6352500342DA5 /* APIService.swift */ = {isa = PBXFileReference; lastKnownFileType = sourcecode.swift; path = APIService.swift; sourceTree = "<group>"; };
/* End PBXFileReference section */

/* Begin PBXFrameworksBuildPhase section */
		0BE3810B23B1FBE300342DA5 /* Frameworks */ = {
			isa = PBXFrameworksBuildPhase;
			buildActionMask = 2147483647;
			files = (
			);
			runOnlyForDeploymentPostprocessing = 0;
		};
		0BE3812123B1FBE600342DA5 /* Frameworks */ = {
			isa = PBXFrameworksBuildPhase;
			buildActionMask = 2147483647;
			files = (
			);
			runOnlyForDeploymentPostprocessing = 0;
		};
/* End PBXFrameworksBuildPhase section */

/* Begin PBXGroup section */
		0BE3810523B1FBE300342DA5 = {
			isa = PBXGroup;
			children = (
				0BE3811023B1FBE300342DA5 /* Atum */,
				0BE3812723B1FBE600342DA5 /* AtumTests */,
				0BE3810F23B1FBE300342DA5 /* Products */,
			);
			sourceTree = "<group>";
		};
		0BE3810F23B1FBE300342DA5 /* Products */ = {
			isa = PBXGroup;
			children = (
				0BE3810E23B1FBE300342DA5 /* Atum.app */,
				0BE3812423B1FBE600342DA5 /* AtumTests.xctest */,
			);
			name = Products;
			sourceTree = "<group>";
		};
		0BE3811023B1FBE300342DA5 /* Atum */ = {
			isa = PBXGroup;
			children = (
				0BE3815C23B63B6F00342DA5 /* Delete? */,
				0BE3813623B200A700342DA5 /* Model */,
				0BE3813523B200A300342DA5 /* View */,
				0BE3813423B200A200342DA5 /* Controller */,
				0BE3813323B200A000342DA5 /* Networking */,
				0BE3811123B1FBE300342DA5 /* AppDelegate.swift */,
				0BE3811323B1FBE300342DA5 /* SceneDelegate.swift */,
				0BE3811A23B1FBE600342DA5 /* Assets.xcassets */,
				0BE3811723B1FBE300342DA5 /* Main.storyboard */,
				0BE3811C23B1FBE600342DA5 /* LaunchScreen.storyboard */,
				0BE3811F23B1FBE600342DA5 /* Info.plist */,
			);
			path = Atum;
			sourceTree = "<group>";
		};
		0BE3812723B1FBE600342DA5 /* AtumTests */ = {
			isa = PBXGroup;
			children = (
				0BE3812823B1FBE600342DA5 /* AtumTests.swift */,
				0BE3812A23B1FBE600342DA5 /* Info.plist */,
			);
			path = AtumTests;
			sourceTree = "<group>";
		};
		0BE3813323B200A000342DA5 /* Networking */ = {
			isa = PBXGroup;
			children = (
				0BE3813F23B2036B00342DA5 /* Reachability.swift */,
				0BE3814123B2330400342DA5 /* Endpoint.swift */,
				0BE3815A23B6352500342DA5 /* APIService.swift */,
			);
			path = Networking;
			sourceTree = "<group>";
		};
		0BE3813423B200A200342DA5 /* Controller */ = {
			isa = PBXGroup;
			children = (
				0BE3815023B409AB00342DA5 /* MainController.swift */,
				0BE3815623B53DC000342DA5 /* MenuBar.swift */,
			);
			path = Controller;
			sourceTree = "<group>";
		};
		0BE3813523B200A300342DA5 /* View */ = {
			isa = PBXGroup;
			children = (
				0BE3814723B3E87E00342DA5 /* NavigationBar.swift */,
				0BE3814923B3EC4B00342DA5 /* CustomButton.swift */,
				0BE3815423B4F46B00342DA5 /* NavigationButton.swift */,
				0BE3815823B60A4500342DA5 /* TextField.swift */,
			);
			path = View;
			sourceTree = "<group>";
		};
		0BE3813623B200A700342DA5 /* Model */ = {
			isa = PBXGroup;
			children = (
				0BE3813723B2017B00342DA5 /* Color.swift */,
				0BE3813D23B2021400342DA5 /* Icon.swift */,
				0BE3813923B201BE00342DA5 /* Error.swift */,
				0BE3813B23B201E800342DA5 /* Extension.swift */,
				0BE3814D23B3F5C500342DA5 /* Constant.swift */,
				0BE3814B23B3F3E100342DA5 /* ModeSelected.swift */,
			);
			path = Model;
			sourceTree = "<group>";
		};
		0BE3815C23B63B6F00342DA5 /* Delete? */ = {
			isa = PBXGroup;
			children = (
				0BE3815223B4C10600342DA5 /* SlideMenuManager.swift */,
				0BE3811523B1FBE300342DA5 /* RoverViewController.swift */,
				0BE3814323B3E7EE00342DA5 /* SkyEyeViewController.swift */,
				0BE3814523B3E80600342DA5 /* PuzzleViewController.swift */,
			);
			path = "Delete?";
			sourceTree = "<group>";
		};
/* End PBXGroup section */

/* Begin PBXNativeTarget section */
		0BE3810D23B1FBE300342DA5 /* Atum */ = {
			isa = PBXNativeTarget;
			buildConfigurationList = 0BE3812D23B1FBE600342DA5 /* Build configuration list for PBXNativeTarget "Atum" */;
			buildPhases = (
				0BE3810A23B1FBE300342DA5 /* Sources */,
				0BE3810B23B1FBE300342DA5 /* Frameworks */,
				0BE3810C23B1FBE300342DA5 /* Resources */,
			);
			buildRules = (
			);
			dependencies = (
			);
			name = Atum;
			productName = Atum;
			productReference = 0BE3810E23B1FBE300342DA5 /* Atum.app */;
			productType = "com.apple.product-type.application";
		};
		0BE3812323B1FBE600342DA5 /* AtumTests */ = {
			isa = PBXNativeTarget;
			buildConfigurationList = 0BE3813023B1FBE600342DA5 /* Build configuration list for PBXNativeTarget "AtumTests" */;
			buildPhases = (
				0BE3812023B1FBE600342DA5 /* Sources */,
				0BE3812123B1FBE600342DA5 /* Frameworks */,
				0BE3812223B1FBE600342DA5 /* Resources */,
			);
			buildRules = (
			);
			dependencies = (
				0BE3812623B1FBE600342DA5 /* PBXTargetDependency */,
			);
			name = AtumTests;
			productName = AtumTests;
			productReference = 0BE3812423B1FBE600342DA5 /* AtumTests.xctest */;
			productType = "com.apple.product-type.bundle.unit-test";
		};
/* End PBXNativeTarget section */

/* Begin PBXProject section */
		0BE3810623B1FBE300342DA5 /* Project object */ = {
			isa = PBXProject;
			attributes = {
				LastSwiftUpdateCheck = 1130;
				LastUpgradeCheck = 1130;
				ORGANIZATIONNAME = "Studio Willebrands";
				TargetAttributes = {
					0BE3810D23B1FBE300342DA5 = {
						CreatedOnToolsVersion = 11.3;
					};
					0BE3812323B1FBE600342DA5 = {
						CreatedOnToolsVersion = 11.3;
						TestTargetID = 0BE3810D23B1FBE300342DA5;
					};
				};
			};
			buildConfigurationList = 0BE3810923B1FBE300342DA5 /* Build configuration list for PBXProject "Atum" */;
			compatibilityVersion = "Xcode 9.3";
			developmentRegion = en;
			hasScannedForEncodings = 0;
			knownRegions = (
				en,
				Base,
			);
			mainGroup = 0BE3810523B1FBE300342DA5;
			productRefGroup = 0BE3810F23B1FBE300342DA5 /* Products */;
			projectDirPath = "";
			projectRoot = "";
			targets = (
				0BE3810D23B1FBE300342DA5 /* Atum */,
				0BE3812323B1FBE600342DA5 /* AtumTests */,
			);
		};
/* End PBXProject section */

/* Begin PBXResourcesBuildPhase section */
		0BE3810C23B1FBE300342DA5 /* Resources */ = {
			isa = PBXResourcesBuildPhase;
			buildActionMask = 2147483647;
			files = (
				0BE3811E23B1FBE600342DA5 /* LaunchScreen.storyboard in Resources */,
				0BE3811B23B1FBE600342DA5 /* Assets.xcassets in Resources */,
				0BE3811923B1FBE300342DA5 /* Main.storyboard in Resources */,
			);
			runOnlyForDeploymentPostprocessing = 0;
		};
		0BE3812223B1FBE600342DA5 /* Resources */ = {
			isa = PBXResourcesBuildPhase;
			buildActionMask = 2147483647;
			files = (
			);
			runOnlyForDeploymentPostprocessing = 0;
		};
/* End PBXResourcesBuildPhase section */

/* Begin PBXSourcesBuildPhase section */
		0BE3810A23B1FBE300342DA5 /* Sources */ = {
			isa = PBXSourcesBuildPhase;
			buildActionMask = 2147483647;
			files = (
				0BE3814A23B3EC4B00342DA5 /* CustomButton.swift in Sources */,
				0BE3815B23B6352500342DA5 /* APIService.swift in Sources */,
				0BE3811623B1FBE300342DA5 /* RoverViewController.swift in Sources */,
				0BE3814E23B3F5C500342DA5 /* Constant.swift in Sources */,
				0BE3815923B60A4500342DA5 /* TextField.swift in Sources */,
				0BE3814223B2330400342DA5 /* Endpoint.swift in Sources */,
				0BE3813823B2017B00342DA5 /* Color.swift in Sources */,
				0BE3813E23B2021400342DA5 /* Icon.swift in Sources */,
				0BE3811223B1FBE300342DA5 /* AppDelegate.swift in Sources */,
				0BE3814623B3E80600342DA5 /* PuzzleViewController.swift in Sources */,
				0BE3815123B409AB00342DA5 /* MainController.swift in Sources */,
				0BE3814C23B3F3E100342DA5 /* ModeSelected.swift in Sources */,
				0BE3813C23B201E800342DA5 /* Extension.swift in Sources */,
				0BE3815523B4F46B00342DA5 /* NavigationButton.swift in Sources */,
				0BE3815723B53DC000342DA5 /* MenuBar.swift in Sources */,
				0BE3814423B3E7EE00342DA5 /* SkyEyeViewController.swift in Sources */,
				0BE3813A23B201BE00342DA5 /* Error.swift in Sources */,
				0BE3814023B2036B00342DA5 /* Reachability.swift in Sources */,
				0BE3811423B1FBE300342DA5 /* SceneDelegate.swift in Sources */,
				0BE3814823B3E87E00342DA5 /* NavigationBar.swift in Sources */,
				0BE3815323B4C10600342DA5 /* SlideMenuManager.swift in Sources */,
			);
			runOnlyForDeploymentPostprocessing = 0;
		};
		0BE3812023B1FBE600342DA5 /* Sources */ = {
			isa = PBXSourcesBuildPhase;
			buildActionMask = 2147483647;
			files = (
				0BE3812923B1FBE600342DA5 /* AtumTests.swift in Sources */,
			);
			runOnlyForDeploymentPostprocessing = 0;
		};
/* End PBXSourcesBuildPhase section */

/* Begin PBXTargetDependency section */
		0BE3812623B1FBE600342DA5 /* PBXTargetDependency */ = {
			isa = PBXTargetDependency;
			target = 0BE3810D23B1FBE300342DA5 /* Atum */;
			targetProxy = 0BE3812523B1FBE600342DA5 /* PBXContainerItemProxy */;
		};
/* End PBXTargetDependency section */

/* Begin PBXVariantGroup section */
		0BE3811723B1FBE300342DA5 /* Main.storyboard */ = {
			isa = PBXVariantGroup;
			children = (
				0BE3811823B1FBE300342DA5 /* Base */,
			);
			name = Main.storyboard;
			sourceTree = "<group>";
		};
		0BE3811C23B1FBE600342DA5 /* LaunchScreen.storyboard */ = {
			isa = PBXVariantGroup;
			children = (
				0BE3811D23B1FBE600342DA5 /* Base */,
			);
			name = LaunchScreen.storyboard;
			sourceTree = "<group>";
		};
/* End PBXVariantGroup section */

/* Begin XCBuildConfiguration section */
		0BE3812B23B1FBE600342DA5 /* Debug */ = {
			isa = XCBuildConfiguration;
			buildSettings = {
				ALWAYS_SEARCH_USER_PATHS = NO;
				CLANG_ANALYZER_NONNULL = YES;
				CLANG_ANALYZER_NUMBER_OBJECT_CONVERSION = YES_AGGRESSIVE;
				CLANG_CXX_LANGUAGE_STANDARD = "gnu++14";
				CLANG_CXX_LIBRARY = "libc++";
				CLANG_ENABLE_MODULES = YES;
				CLANG_ENABLE_OBJC_ARC = YES;
				CLANG_ENABLE_OBJC_WEAK = YES;
				CLANG_WARN_BLOCK_CAPTURE_AUTORELEASING = YES;
				CLANG_WARN_BOOL_CONVERSION = YES;
				CLANG_WARN_COMMA = YES;
				CLANG_WARN_CONSTANT_CONVERSION = YES;
				CLANG_WARN_DEPRECATED_OBJC_IMPLEMENTATIONS = YES;
				CLANG_WARN_DIRECT_OBJC_ISA_USAGE = YES_ERROR;
				CLANG_WARN_DOCUMENTATION_COMMENTS = YES;
				CLANG_WARN_EMPTY_BODY = YES;
				CLANG_WARN_ENUM_CONVERSION = YES;
				CLANG_WARN_INFINITE_RECURSION = YES;
				CLANG_WARN_INT_CONVERSION = YES;
				CLANG_WARN_NON_LITERAL_NULL_CONVERSION = YES;
				CLANG_WARN_OBJC_IMPLICIT_RETAIN_SELF = YES;
				CLANG_WARN_OBJC_LITERAL_CONVERSION = YES;
				CLANG_WARN_OBJC_ROOT_CLASS = YES_ERROR;
				CLANG_WARN_RANGE_LOOP_ANALYSIS = YES;
				CLANG_WARN_STRICT_PROTOTYPES = YES;
				CLANG_WARN_SUSPICIOUS_MOVE = YES;
				CLANG_WARN_UNGUARDED_AVAILABILITY = YES_AGGRESSIVE;
				CLANG_WARN_UNREACHABLE_CODE = YES;
				CLANG_WARN__DUPLICATE_METHOD_MATCH = YES;
				COPY_PHASE_STRIP = NO;
				DEBUG_INFORMATION_FORMAT = dwarf;
				ENABLE_STRICT_OBJC_MSGSEND = YES;
				ENABLE_TESTABILITY = YES;
				GCC_C_LANGUAGE_STANDARD = gnu11;
				GCC_DYNAMIC_NO_PIC = NO;
				GCC_NO_COMMON_BLOCKS = YES;
				GCC_OPTIMIZATION_LEVEL = 0;
				GCC_PREPROCESSOR_DEFINITIONS = (
					"DEBUG=1",
					"$(inherited)",
				);
				GCC_WARN_64_TO_32_BIT_CONVERSION = YES;
				GCC_WARN_ABOUT_RETURN_TYPE = YES_ERROR;
				GCC_WARN_UNDECLARED_SELECTOR = YES;
				GCC_WARN_UNINITIALIZED_AUTOS = YES_AGGRESSIVE;
				GCC_WARN_UNUSED_FUNCTION = YES;
				GCC_WARN_UNUSED_VARIABLE = YES;
				IPHONEOS_DEPLOYMENT_TARGET = 13.2;
				MTL_ENABLE_DEBUG_INFO = INCLUDE_SOURCE;
				MTL_FAST_MATH = YES;
				ONLY_ACTIVE_ARCH = YES;
				SDKROOT = iphoneos;
				SWIFT_ACTIVE_COMPILATION_CONDITIONS = DEBUG;
				SWIFT_OPTIMIZATION_LEVEL = "-Onone";
			};
			name = Debug;
		};
		0BE3812C23B1FBE600342DA5 /* Release */ = {
			isa = XCBuildConfiguration;
			buildSettings = {
				ALWAYS_SEARCH_USER_PATHS = NO;
				CLANG_ANALYZER_NONNULL = YES;
				CLANG_ANALYZER_NUMBER_OBJECT_CONVERSION = YES_AGGRESSIVE;
				CLANG_CXX_LANGUAGE_STANDARD = "gnu++14";
				CLANG_CXX_LIBRARY = "libc++";
				CLANG_ENABLE_MODULES = YES;
				CLANG_ENABLE_OBJC_ARC = YES;
				CLANG_ENABLE_OBJC_WEAK = YES;
				CLANG_WARN_BLOCK_CAPTURE_AUTORELEASING = YES;
				CLANG_WARN_BOOL_CONVERSION = YES;
				CLANG_WARN_COMMA = YES;
				CLANG_WARN_CONSTANT_CONVERSION = YES;
				CLANG_WARN_DEPRECATED_OBJC_IMPLEMENTATIONS = YES;
				CLANG_WARN_DIRECT_OBJC_ISA_USAGE = YES_ERROR;
				CLANG_WARN_DOCUMENTATION_COMMENTS = YES;
				CLANG_WARN_EMPTY_BODY = YES;
				CLANG_WARN_ENUM_CONVERSION = YES;
				CLANG_WARN_INFINITE_RECURSION = YES;
				CLANG_WARN_INT_CONVERSION = YES;
				CLANG_WARN_NON_LITERAL_NULL_CONVERSION = YES;
				CLANG_WARN_OBJC_IMPLICIT_RETAIN_SELF = YES;
				CLANG_WARN_OBJC_LITERAL_CONVERSION = YES;
				CLANG_WARN_OBJC_ROOT_CLASS = YES_ERROR;
				CLANG_WARN_RANGE_LOOP_ANALYSIS = YES;
				CLANG_WARN_STRICT_PROTOTYPES = YES;
				CLANG_WARN_SUSPICIOUS_MOVE = YES;
				CLANG_WARN_UNGUARDED_AVAILABILITY = YES_AGGRESSIVE;
				CLANG_WARN_UNREACHABLE_CODE = YES;
				CLANG_WARN__DUPLICATE_METHOD_MATCH = YES;
				COPY_PHASE_STRIP = NO;
				DEBUG_INFORMATION_FORMAT = "dwarf-with-dsym";
				ENABLE_NS_ASSERTIONS = NO;
				ENABLE_STRICT_OBJC_MSGSEND = YES;
				GCC_C_LANGUAGE_STANDARD = gnu11;
				GCC_NO_COMMON_BLOCKS = YES;
				GCC_WARN_64_TO_32_BIT_CONVERSION = YES;
				GCC_WARN_ABOUT_RETURN_TYPE = YES_ERROR;
				GCC_WARN_UNDECLARED_SELECTOR = YES;
				GCC_WARN_UNINITIALIZED_AUTOS = YES_AGGRESSIVE;
				GCC_WARN_UNUSED_FUNCTION = YES;
				GCC_WARN_UNUSED_VARIABLE = YES;
				IPHONEOS_DEPLOYMENT_TARGET = 13.2;
				MTL_ENABLE_DEBUG_INFO = NO;
				MTL_FAST_MATH = YES;
				SDKROOT = iphoneos;
				SWIFT_COMPILATION_MODE = wholemodule;
				SWIFT_OPTIMIZATION_LEVEL = "-O";
				VALIDATE_PRODUCT = YES;
			};
			name = Release;
		};
		0BE3812E23B1FBE600342DA5 /* Debug */ = {
			isa = XCBuildConfiguration;
			buildSettings = {
				ASSETCATALOG_COMPILER_APPICON_NAME = AppIcon;
				CODE_SIGN_STYLE = Automatic;
				DEVELOPMENT_TEAM = 223MS2NG2U;
				INFOPLIST_FILE = Atum/Info.plist;
				LD_RUNPATH_SEARCH_PATHS = (
					"$(inherited)",
					"@executable_path/Frameworks",
				);
				PRODUCT_BUNDLE_IDENTIFIER = com.wouterwillebrands.Atum;
				PRODUCT_NAME = "$(TARGET_NAME)";
				SWIFT_VERSION = 5.0;
				TARGETED_DEVICE_FAMILY = "1,2";
			};
			name = Debug;
		};
		0BE3812F23B1FBE600342DA5 /* Release */ = {
			isa = XCBuildConfiguration;
			buildSettings = {
				ASSETCATALOG_COMPILER_APPICON_NAME = AppIcon;
				CODE_SIGN_STYLE = Automatic;
				DEVELOPMENT_TEAM = 223MS2NG2U;
				INFOPLIST_FILE = Atum/Info.plist;
				LD_RUNPATH_SEARCH_PATHS = (
					"$(inherited)",
					"@executable_path/Frameworks",
				);
				PRODUCT_BUNDLE_IDENTIFIER = com.wouterwillebrands.Atum;
				PRODUCT_NAME = "$(TARGET_NAME)";
				SWIFT_VERSION = 5.0;
				TARGETED_DEVICE_FAMILY = "1,2";
			};
			name = Release;
		};
		0BE3813123B1FBE600342DA5 /* Debug */ = {
			isa = XCBuildConfiguration;
			buildSettings = {
				ALWAYS_EMBED_SWIFT_STANDARD_LIBRARIES = YES;
				BUNDLE_LOADER = "$(TEST_HOST)";
				CODE_SIGN_STYLE = Automatic;
				DEVELOPMENT_TEAM = 223MS2NG2U;
				INFOPLIST_FILE = AtumTests/Info.plist;
				IPHONEOS_DEPLOYMENT_TARGET = 13.2;
				LD_RUNPATH_SEARCH_PATHS = (
					"$(inherited)",
					"@executable_path/Frameworks",
					"@loader_path/Frameworks",
				);
				PRODUCT_BUNDLE_IDENTIFIER = com.wouterwillebrands.AtumTests;
				PRODUCT_NAME = "$(TARGET_NAME)";
				SWIFT_VERSION = 5.0;
				TARGETED_DEVICE_FAMILY = "1,2";
				TEST_HOST = "$(BUILT_PRODUCTS_DIR)/Atum.app/Atum";
			};
			name = Debug;
		};
		0BE3813223B1FBE600342DA5 /* Release */ = {
			isa = XCBuildConfiguration;
			buildSettings = {
				ALWAYS_EMBED_SWIFT_STANDARD_LIBRARIES = YES;
				BUNDLE_LOADER = "$(TEST_HOST)";
				CODE_SIGN_STYLE = Automatic;
				DEVELOPMENT_TEAM = 223MS2NG2U;
				INFOPLIST_FILE = AtumTests/Info.plist;
				IPHONEOS_DEPLOYMENT_TARGET = 13.2;
				LD_RUNPATH_SEARCH_PATHS = (
					"$(inherited)",
					"@executable_path/Frameworks",
					"@loader_path/Frameworks",
				);
				PRODUCT_BUNDLE_IDENTIFIER = com.wouterwillebrands.AtumTests;
				PRODUCT_NAME = "$(TARGET_NAME)";
				SWIFT_VERSION = 5.0;
				TARGETED_DEVICE_FAMILY = "1,2";
				TEST_HOST = "$(BUILT_PRODUCTS_DIR)/Atum.app/Atum";
			};
			name = Release;
		};
/* End XCBuildConfiguration section */

/* Begin XCConfigurationList section */
		0BE3810923B1FBE300342DA5 /* Build configuration list for PBXProject "Atum" */ = {
			isa = XCConfigurationList;
			buildConfigurations = (
				0BE3812B23B1FBE600342DA5 /* Debug */,
				0BE3812C23B1FBE600342DA5 /* Release */,
			);
			defaultConfigurationIsVisible = 0;
			defaultConfigurationName = Release;
		};
		0BE3812D23B1FBE600342DA5 /* Build configuration list for PBXNativeTarget "Atum" */ = {
			isa = XCConfigurationList;
			buildConfigurations = (
				0BE3812E23B1FBE600342DA5 /* Debug */,
				0BE3812F23B1FBE600342DA5 /* Release */,
			);
			defaultConfigurationIsVisible = 0;
			defaultConfigurationName = Release;
		};
		0BE3813023B1FBE600342DA5 /* Build configuration list for PBXNativeTarget "AtumTests" */ = {
			isa = XCConfigurationList;
			buildConfigurations = (
				0BE3813123B1FBE600342DA5 /* Debug */,
				0BE3813223B1FBE600342DA5 /* Release */,
			);
			defaultConfigurationIsVisible = 0;
			defaultConfigurationName = Release;
		};
/* End XCConfigurationList section */
	};
	rootObject = 0BE3810623B1FBE300342DA5 /* Project object */;
}
